
Microsoft Visual Studio Solution File, Format Version 12.00
# Visual Studio Version 17
VisualStudioVersion = 17.11.35312.102
MinimumVisualStudioVersion = 10.0.40219.1
Project("{FAE04EC0-301F-11D3-BF4B-00C04F79EFBC}") = "WebAPI_FirmTaskProject", "WebAPI_FirmTaskProject\WebAPI_FirmTaskProject.csproj", "{44F078D1-0571-464E-A56C-7EC5221950F3}"
EndProject
Project("{FAE04EC0-301F-11D3-BF4B-00C04F79EFBC}") = "Domain", "Domain\Domain.csproj", "{A8E59E09-7B19-4417-9EB2-3ED3A2D3012D}"
EndProject
Project("{FAE04EC0-301F-11D3-BF4B-00C04F79EFBC}") = "Contracts", "Contracts\Contracts.csproj", "{E8FF42AF-20DA-44EE-A2FA-E5F0E198E933}"
EndProject
Project("{FAE04EC0-301F-11D3-BF4B-00C04F79EFBC}") = "Persistence", "Persistence\Persistence.csproj", "{CA8FB6E9-ED0B-44A2-9A44-A7C7EF7BF51A}"
EndProject
Project("{FAE04EC0-301F-11D3-BF4B-00C04F79EFBC}") = "Services", "Services\Services.csproj", "{FA1FDD51-6F2D-4850-80EA-722F377C194D}"
EndProject
Global
	GlobalSection(SolutionConfigurationPlatforms) = preSolution
		Debug|Any CPU = Debug|Any CPU
		Release|Any CPU = Release|Any CPU
	EndGlobalSection
	GlobalSection(ProjectConfigurationPlatforms) = postSolution
		{44F078D1-0571-464E-A56C-7EC5221950F3}.Debug|Any CPU.ActiveCfg = Debug|Any CPU
		{44F078D1-0571-464E-A56C-7EC5221950F3}.Debug|Any CPU.Build.0 = Debug|Any CPU
		{44F078D1-0571-464E-A56C-7EC5221950F3}.Release|Any CPU.ActiveCfg = Release|Any CPU
		{44F078D1-0571-464E-A56C-7EC5221950F3}.Release|Any CPU.Build.0 = Release|Any CPU
		{A8E59E09-7B19-4417-9EB2-3ED3A2D3012D}.Debug|Any CPU.ActiveCfg = Debug|Any CPU
		{A8E59E09-7B19-4417-9EB2-3ED3A2D3012D}.Debug|Any CPU.Build.0 = Debug|Any CPU
		{A8E59E09-7B19-4417-9EB2-3ED3A2D3012D}.Release|Any CPU.ActiveCfg = Release|Any CPU
		{A8E59E09-7B19-4417-9EB2-3ED3A2D3012D}.Release|Any CPU.Build.0 = Release|Any CPU
		{E8FF42AF-20DA-44EE-A2FA-E5F0E198E933}.Debug|Any CPU.ActiveCfg = Debug|Any CPU
		{E8FF42AF-20DA-44EE-A2FA-E5F0E198E933}.Debug|Any CPU.Build.0 = Debug|Any CPU
		{E8FF42AF-20DA-44EE-A2FA-E5F0E198E933}.Release|Any CPU.ActiveCfg = Release|Any CPU
		{E8FF42AF-20DA-44EE-A2FA-E5F0E198E933}.Release|Any CPU.Build.0 = Release|Any CPU
		{CA8FB6E9-ED0B-44A2-9A44-A7C7EF7BF51A}.Debug|Any CPU.ActiveCfg = Debug|Any CPU
		{CA8FB6E9-ED0B-44A2-9A44-A7C7EF7BF51A}.Debug|Any CPU.Build.0 = Debug|Any CPU
		{CA8FB6E9-ED0B-44A2-9A44-A7C7EF7BF51A}.Release|Any CPU.ActiveCfg = Release|Any CPU
		{CA8FB6E9-ED0B-44A2-9A44-A7C7EF7BF51A}.Release|Any CPU.Build.0 = Release|Any CPU
		{FA1FDD51-6F2D-4850-80EA-722F377C194D}.Debug|Any CPU.ActiveCfg = Debug|Any CPU
		{FA1FDD51-6F2D-4850-80EA-722F377C194D}.Debug|Any CPU.Build.0 = Debug|Any CPU
		{FA1FDD51-6F2D-4850-80EA-722F377C194D}.Release|Any CPU.ActiveCfg = Release|Any CPU
		{FA1FDD51-6F2D-4850-80EA-722F377C194D}.Release|Any CPU.Build.0 = Release|Any CPU
	EndGlobalSection
	GlobalSection(SolutionProperties) = preSolution
		HideSolutionNode = FALSE
	EndGlobalSection
	GlobalSection(ExtensibilityGlobals) = postSolution
		SolutionGuid = {6BE12E8B-8204-4D72-BECA-25F5904F02F2}
	EndGlobalSection
EndGlobal
